
Microsoft Visual Studio Solution File, Format Version 12.00
# Visual Studio Version 17
VisualStudioVersion = 17.0.32112.339
MinimumVisualStudioVersion = 10.0.40219.1
Project("{FAE04EC0-301F-11D3-BF4B-00C04F79EFBC}") = "Lab_3", "Lab_3.csproj", "{745E9B66-D1EB-42EB-A9AC-BA521AFA04F8}"
EndProject
Global
	GlobalSection(SolutionConfigurationPlatforms) = preSolution
		Debug|Any CPU = Debug|Any CPU
		Release|Any CPU = Release|Any CPU
	EndGlobalSection
	GlobalSection(ProjectConfigurationPlatforms) = postSolution
		{745E9B66-D1EB-42EB-A9AC-BA521AFA04F8}.Debug|Any CPU.ActiveCfg = Debug|Any CPU
		{745E9B66-D1EB-42EB-A9AC-BA521AFA04F8}.Debug|Any CPU.Build.0 = Debug|Any CPU
		{745E9B66-D1EB-42EB-A9AC-BA521AFA04F8}.Release|Any CPU.ActiveCfg = Release|Any CPU
		{745E9B66-D1EB-42EB-A9AC-BA521AFA04F8}.Release|Any CPU.Build.0 = Release|Any CPU
	EndGlobalSection
	GlobalSection(SolutionProperties) = preSolution
		HideSolutionNode = FALSE
	EndGlobalSection
	GlobalSection(ExtensibilityGlobals) = postSolution
		SolutionGuid = {411E1798-F446-4BA2-8EBE-80D1C21F4112}
	EndGlobalSection
EndGlobal
